
Microsoft Visual Studio Solution File, Format Version 12.00
# Visual Studio Version 17
VisualStudioVersion = 17.1.32210.238
MinimumVisualStudioVersion = 10.0.40219.1
Project("{8BC9CEB8-8B4A-11D0-8D11-00A0C91BC942}") = "MatrixEngine", "MatrixEngine\MatrixEngine.vcxproj", "{DEBB8CDC-B709-48EE-9D5C-7E94ECA8306A}"
EndProject
Project("{8BC9CEB8-8B4A-11D0-8D11-00A0C91BC942}") = "MatrixCore", "MatrixCore\MatrixCore.vcxproj", "{2FD1DFD4-E225-41E1-A9D7-FB1554D27B0D}"
EndProject
Project("{2150E333-8FDC-42A3-9474-1A3956D46DE8}") = "Practise3", "Practise3", "{97C448CE-C5FF-4A19-8F19-0C8FDBC5CE22}"
EndProject
Project("{8BC9CEB8-8B4A-11D0-8D11-00A0C91BC942}") = "practise3.1", "PractiseDemo\practise3.1\practise3.1.vcxproj", "{67FF4824-F6CF-40EC-94CA-92432CD3210B}"
EndProject
Global
	GlobalSection(SolutionConfigurationPlatforms) = preSolution
		Debug|x64 = Debug|x64
		Debug|x86 = Debug|x86
		Profile|x64 = Profile|x64
		Profile|x86 = Profile|x86
		Release|x64 = Release|x64
		Release|x86 = Release|x86
	EndGlobalSection
	GlobalSection(ProjectConfigurationPlatforms) = postSolution
		{DEBB8CDC-B709-48EE-9D5C-7E94ECA8306A}.Debug|x64.ActiveCfg = Debug|x64
		{DEBB8CDC-B709-48EE-9D5C-7E94ECA8306A}.Debug|x64.Build.0 = Debug|x64
		{DEBB8CDC-B709-48EE-9D5C-7E94ECA8306A}.Debug|x86.ActiveCfg = Debug|Win32
		{DEBB8CDC-B709-48EE-9D5C-7E94ECA8306A}.Debug|x86.Build.0 = Debug|Win32
		{DEBB8CDC-B709-48EE-9D5C-7E94ECA8306A}.Profile|x64.ActiveCfg = Profile|x64
		{DEBB8CDC-B709-48EE-9D5C-7E94ECA8306A}.Profile|x64.Build.0 = Profile|x64
		{DEBB8CDC-B709-48EE-9D5C-7E94ECA8306A}.Profile|x86.ActiveCfg = Profile|Win32
		{DEBB8CDC-B709-48EE-9D5C-7E94ECA8306A}.Profile|x86.Build.0 = Profile|Win32
		{DEBB8CDC-B709-48EE-9D5C-7E94ECA8306A}.Release|x64.ActiveCfg = Release|x64
		{DEBB8CDC-B709-48EE-9D5C-7E94ECA8306A}.Release|x64.Build.0 = Release|x64
		{DEBB8CDC-B709-48EE-9D5C-7E94ECA8306A}.Release|x86.ActiveCfg = Release|Win32
		{DEBB8CDC-B709-48EE-9D5C-7E94ECA8306A}.Release|x86.Build.0 = Release|Win32
		{2FD1DFD4-E225-41E1-A9D7-FB1554D27B0D}.Debug|x64.ActiveCfg = Debug|x64
		{2FD1DFD4-E225-41E1-A9D7-FB1554D27B0D}.Debug|x64.Build.0 = Debug|x64
		{2FD1DFD4-E225-41E1-A9D7-FB1554D27B0D}.Debug|x86.ActiveCfg = Debug|Win32
		{2FD1DFD4-E225-41E1-A9D7-FB1554D27B0D}.Debug|x86.Build.0 = Debug|Win32
		{2FD1DFD4-E225-41E1-A9D7-FB1554D27B0D}.Profile|x64.ActiveCfg = Profile|x64
		{2FD1DFD4-E225-41E1-A9D7-FB1554D27B0D}.Profile|x64.Build.0 = Profile|x64
		{2FD1DFD4-E225-41E1-A9D7-FB1554D27B0D}.Profile|x86.ActiveCfg = Profile|Win32
		{2FD1DFD4-E225-41E1-A9D7-FB1554D27B0D}.Profile|x86.Build.0 = Profile|Win32
		{2FD1DFD4-E225-41E1-A9D7-FB1554D27B0D}.Release|x64.ActiveCfg = Release|x64
		{2FD1DFD4-E225-41E1-A9D7-FB1554D27B0D}.Release|x64.Build.0 = Release|x64
		{2FD1DFD4-E225-41E1-A9D7-FB1554D27B0D}.Release|x86.ActiveCfg = Release|Win32
		{2FD1DFD4-E225-41E1-A9D7-FB1554D27B0D}.Release|x86.Build.0 = Release|Win32
		{67FF4824-F6CF-40EC-94CA-92432CD3210B}.Debug|x64.ActiveCfg = Debug|x64
		{67FF4824-F6CF-40EC-94CA-92432CD3210B}.Debug|x64.Build.0 = Debug|x64
		{67FF4824-F6CF-40EC-94CA-92432CD3210B}.Debug|x86.ActiveCfg = Debug|Win32
		{67FF4824-F6CF-40EC-94CA-92432CD3210B}.Debug|x86.Build.0 = Debug|Win32
		{67FF4824-F6CF-40EC-94CA-92432CD3210B}.Profile|x64.ActiveCfg = Debug|x64
		{67FF4824-F6CF-40EC-94CA-92432CD3210B}.Profile|x64.Build.0 = Debug|x64
		{67FF4824-F6CF-40EC-94CA-92432CD3210B}.Profile|x86.ActiveCfg = Debug|Win32
		{67FF4824-F6CF-40EC-94CA-92432CD3210B}.Profile|x86.Build.0 = Debug|Win32
		{67FF4824-F6CF-40EC-94CA-92432CD3210B}.Release|x64.ActiveCfg = Release|x64
		{67FF4824-F6CF-40EC-94CA-92432CD3210B}.Release|x64.Build.0 = Release|x64
		{67FF4824-F6CF-40EC-94CA-92432CD3210B}.Release|x86.ActiveCfg = Release|Win32
		{67FF4824-F6CF-40EC-94CA-92432CD3210B}.Release|x86.Build.0 = Release|Win32
	EndGlobalSection
	GlobalSection(SolutionProperties) = preSolution
		HideSolutionNode = FALSE
	EndGlobalSection
	GlobalSection(NestedProjects) = preSolution
		{67FF4824-F6CF-40EC-94CA-92432CD3210B} = {97C448CE-C5FF-4A19-8F19-0C8FDBC5CE22}
	EndGlobalSection
	GlobalSection(ExtensibilityGlobals) = postSolution
		SolutionGuid = {3EF3F46A-1141-4F87-B9A8-576127D3C393}
	EndGlobalSection
EndGlobal
